// !$*UTF8*$!
{
	archiveVersion = 1;
	classes = {
	};
	objectVersion = 56;
	objects = {

/* Begin PBXBuildFile section */
		1FDAE77C2AEE6BA600F126CD /* AppDelegate.swift in Sources */ = {isa = PBXBuildFile; fileRef = 1FDAE77B2AEE6BA600F126CD /* AppDelegate.swift */; };
		1FDAE77E2AEE6BA600F126CD /* SceneDelegate.swift in Sources */ = {isa = PBXBuildFile; fileRef = 1FDAE77D2AEE6BA600F126CD /* SceneDelegate.swift */; };
		1FDAE7802AEE6BA600F126CD /* ViewController.swift in Sources */ = {isa = PBXBuildFile; fileRef = 1FDAE77F2AEE6BA600F126CD /* ViewController.swift */; };
		1FDAE7832AEE6BA600F126CD /* Main.storyboard in Resources */ = {isa = PBXBuildFile; fileRef = 1FDAE7812AEE6BA600F126CD /* Main.storyboard */; };
		1FDAE7852AEE6BA800F126CD /* Assets.xcassets in Resources */ = {isa = PBXBuildFile; fileRef = 1FDAE7842AEE6BA800F126CD /* Assets.xcassets */; };
		1FDAE7882AEE6BA800F126CD /* LaunchScreen.storyboard in Resources */ = {isa = PBXBuildFile; fileRef = 1FDAE7862AEE6BA800F126CD /* LaunchScreen.storyboard */; };
		1FDAE7932AEE6BA800F126CD /* Tab_BarTests.swift in Sources */ = {isa = PBXBuildFile; fileRef = 1FDAE7922AEE6BA800F126CD /* Tab_BarTests.swift */; };
		1FDAE79D2AEE6BA800F126CD /* Tab_BarUITests.swift in Sources */ = {isa = PBXBuildFile; fileRef = 1FDAE79C2AEE6BA800F126CD /* Tab_BarUITests.swift */; };
		1FDAE79F2AEE6BA800F126CD /* Tab_BarUITestsLaunchTests.swift in Sources */ = {isa = PBXBuildFile; fileRef = 1FDAE79E2AEE6BA800F126CD /* Tab_BarUITestsLaunchTests.swift */; };
		1FDAE7AC2AEE8FFD00F126CD /* TableViewController.swift in Sources */ = {isa = PBXBuildFile; fileRef = 1FDAE7AB2AEE8FFD00F126CD /* TableViewController.swift */; };
		1FF5D29E2AF164A4007E68EA /* NotesItem.swift in Sources */ = {isa = PBXBuildFile; fileRef = 1FF5D29D2AF164A4007E68EA /* NotesItem.swift */; };
/* End PBXBuildFile section */

/* Begin PBXContainerItemProxy section */
		1FDAE78F2AEE6BA800F126CD /* PBXContainerItemProxy */ = {
			isa = PBXContainerItemProxy;
			containerPortal = 1FDAE7702AEE6BA600F126CD /* Project object */;
			proxyType = 1;
			remoteGlobalIDString = 1FDAE7772AEE6BA600F126CD;
			remoteInfo = "Tab Bar";
		};
		1FDAE7992AEE6BA800F126CD /* PBXContainerItemProxy */ = {
			isa = PBXContainerItemProxy;
			containerPortal = 1FDAE7702AEE6BA600F126CD /* Project object */;
			proxyType = 1;
			remoteGlobalIDString = 1FDAE7772AEE6BA600F126CD;
			remoteInfo = "Tab Bar";
		};
/* End PBXContainerItemProxy section */

/* Begin PBXFileReference section */
		1FDAE7782AEE6BA600F126CD /* Tab Bar.app */ = {isa = PBXFileReference; explicitFileType = wrapper.application; includeInIndex = 0; path = "Tab Bar.app"; sourceTree = BUILT_PRODUCTS_DIR; };
		1FDAE77B2AEE6BA600F126CD /* AppDelegate.swift */ = {isa = PBXFileReference; lastKnownFileType = sourcecode.swift; path = AppDelegate.swift; sourceTree = "<group>"; };
		1FDAE77D2AEE6BA600F126CD /* SceneDelegate.swift */ = {isa = PBXFileReference; lastKnownFileType = sourcecode.swift; path = SceneDelegate.swift; sourceTree = "<group>"; };
		1FDAE77F2AEE6BA600F126CD /* ViewController.swift */ = {isa = PBXFileReference; lastKnownFileType = sourcecode.swift; path = ViewController.swift; sourceTree = "<group>"; };
		1FDAE7822AEE6BA600F126CD /* Base */ = {isa = PBXFileReference; lastKnownFileType = file.storyboard; name = Base; path = Base.lproj/Main.storyboard; sourceTree = "<group>"; };
		1FDAE7842AEE6BA800F126CD /* Assets.xcassets */ = {isa = PBXFileReference; lastKnownFileType = folder.assetcatalog; path = Assets.xcassets; sourceTree = "<group>"; };
		1FDAE7872AEE6BA800F126CD /* Base */ = {isa = PBXFileReference; lastKnownFileType = file.storyboard; name = Base; path = Base.lproj/LaunchScreen.storyboard; sourceTree = "<group>"; };
		1FDAE7892AEE6BA800F126CD /* Info.plist */ = {isa = PBXFileReference; lastKnownFileType = text.plist.xml; path = Info.plist; sourceTree = "<group>"; };
		1FDAE78E2AEE6BA800F126CD /* Tab BarTests.xctest */ = {isa = PBXFileReference; explicitFileType = wrapper.cfbundle; includeInIndex = 0; path = "Tab BarTests.xctest"; sourceTree = BUILT_PRODUCTS_DIR; };
		1FDAE7922AEE6BA800F126CD /* Tab_BarTests.swift */ = {isa = PBXFileReference; lastKnownFileType = sourcecode.swift; path = Tab_BarTests.swift; sourceTree = "<group>"; };
		1FDAE7982AEE6BA800F126CD /* Tab BarUITests.xctest */ = {isa = PBXFileReference; explicitFileType = wrapper.cfbundle; includeInIndex = 0; path = "Tab BarUITests.xctest"; sourceTree = BUILT_PRODUCTS_DIR; };
		1FDAE79C2AEE6BA800F126CD /* Tab_BarUITests.swift */ = {isa = PBXFileReference; lastKnownFileType = sourcecode.swift; path = Tab_BarUITests.swift; sourceTree = "<group>"; };
		1FDAE79E2AEE6BA800F126CD /* Tab_BarUITestsLaunchTests.swift */ = {isa = PBXFileReference; lastKnownFileType = sourcecode.swift; path = Tab_BarUITestsLaunchTests.swift; sourceTree = "<group>"; };
		1FDAE7AB2AEE8FFD00F126CD /* TableViewController.swift */ = {isa = PBXFileReference; lastKnownFileType = sourcecode.swift; path = TableViewController.swift; sourceTree = "<group>"; };
		1FF5D29D2AF164A4007E68EA /* NotesItem.swift */ = {isa = PBXFileReference; lastKnownFileType = sourcecode.swift; path = NotesItem.swift; sourceTree = "<group>"; };
/* End PBXFileReference section */

/* Begin PBXFrameworksBuildPhase section */
		1FDAE7752AEE6BA600F126CD /* Frameworks */ = {
			isa = PBXFrameworksBuildPhase;
			buildActionMask = 2147483647;
			files = (
			);
			runOnlyForDeploymentPostprocessing = 0;
		};
		1FDAE78B2AEE6BA800F126CD /* Frameworks */ = {
			isa = PBXFrameworksBuildPhase;
			buildActionMask = 2147483647;
			files = (
			);
			runOnlyForDeploymentPostprocessing = 0;
		};
		1FDAE7952AEE6BA800F126CD /* Frameworks */ = {
			isa = PBXFrameworksBuildPhase;
			buildActionMask = 2147483647;
			files = (
			);
			runOnlyForDeploymentPostprocessing = 0;
		};
/* End PBXFrameworksBuildPhase section */

/* Begin PBXGroup section */
		1FDAE76F2AEE6BA600F126CD = {
			isa = PBXGroup;
			children = (
				1FDAE77A2AEE6BA600F126CD /* Tab Bar */,
				1FDAE7912AEE6BA800F126CD /* Tab BarTests */,
				1FDAE79B2AEE6BA800F126CD /* Tab BarUITests */,
				1FDAE7792AEE6BA600F126CD /* Products */,
			);
			sourceTree = "<group>";
		};
		1FDAE7792AEE6BA600F126CD /* Products */ = {
			isa = PBXGroup;
			children = (
				1FDAE7782AEE6BA600F126CD /* Tab Bar.app */,
				1FDAE78E2AEE6BA800F126CD /* Tab BarTests.xctest */,
				1FDAE7982AEE6BA800F126CD /* Tab BarUITests.xctest */,
			);
			name = Products;
			sourceTree = "<group>";
		};
		1FDAE77A2AEE6BA600F126CD /* Tab Bar */ = {
			isa = PBXGroup;
			children = (
				1FDAE77B2AEE6BA600F126CD /* AppDelegate.swift */,
				1FDAE77D2AEE6BA600F126CD /* SceneDelegate.swift */,
				1FDAE77F2AEE6BA600F126CD /* ViewController.swift */,
				1FDAE7AB2AEE8FFD00F126CD /* TableViewController.swift */,
				1FF5D29D2AF164A4007E68EA /* NotesItem.swift */,
				1FDAE7812AEE6BA600F126CD /* Main.storyboard */,
				1FDAE7842AEE6BA800F126CD /* Assets.xcassets */,
				1FDAE7862AEE6BA800F126CD /* LaunchScreen.storyboard */,
				1FDAE7892AEE6BA800F126CD /* Info.plist */,
			);
			path = "Tab Bar";
			sourceTree = "<group>";
		};
		1FDAE7912AEE6BA800F126CD /* Tab BarTests */ = {
			isa = PBXGroup;
			children = (
				1FDAE7922AEE6BA800F126CD /* Tab_BarTests.swift */,
			);
			path = "Tab BarTests";
			sourceTree = "<group>";
		};
		1FDAE79B2AEE6BA800F126CD /* Tab BarUITests */ = {
			isa = PBXGroup;
			children = (
				1FDAE79C2AEE6BA800F126CD /* Tab_BarUITests.swift */,
				1FDAE79E2AEE6BA800F126CD /* Tab_BarUITestsLaunchTests.swift */,
			);
			path = "Tab BarUITests";
			sourceTree = "<group>";
		};
/* End PBXGroup section */

/* Begin PBXNativeTarget section */
		1FDAE7772AEE6BA600F126CD /* Tab Bar */ = {
			isa = PBXNativeTarget;
			buildConfigurationList = 1FDAE7A22AEE6BA800F126CD /* Build configuration list for PBXNativeTarget "Tab Bar" */;
			buildPhases = (
				1FDAE7742AEE6BA600F126CD /* Sources */,
				1FDAE7752AEE6BA600F126CD /* Frameworks */,
				1FDAE7762AEE6BA600F126CD /* Resources */,
			);
			buildRules = (
			);
			dependencies = (
			);
			name = "Tab Bar";
			productName = "Tab Bar";
			productReference = 1FDAE7782AEE6BA600F126CD /* Tab Bar.app */;
			productType = "com.apple.product-type.application";
		};
		1FDAE78D2AEE6BA800F126CD /* Tab BarTests */ = {
			isa = PBXNativeTarget;
			buildConfigurationList = 1FDAE7A52AEE6BA800F126CD /* Build configuration list for PBXNativeTarget "Tab BarTests" */;
			buildPhases = (
				1FDAE78A2AEE6BA800F126CD /* Sources */,
				1FDAE78B2AEE6BA800F126CD /* Frameworks */,
				1FDAE78C2AEE6BA800F126CD /* Resources */,
			);
			buildRules = (
			);
			dependencies = (
				1FDAE7902AEE6BA800F126CD /* PBXTargetDependency */,
			);
			name = "Tab BarTests";
			productName = "Tab BarTests";
			productReference = 1FDAE78E2AEE6BA800F126CD /* Tab BarTests.xctest */;
			productType = "com.apple.product-type.bundle.unit-test";
		};
		1FDAE7972AEE6BA800F126CD /* Tab BarUITests */ = {
			isa = PBXNativeTarget;
			buildConfigurationList = 1FDAE7A82AEE6BA800F126CD /* Build configuration list for PBXNativeTarget "Tab BarUITests" */;
			buildPhases = (
				1FDAE7942AEE6BA800F126CD /* Sources */,
				1FDAE7952AEE6BA800F126CD /* Frameworks */,
				1FDAE7962AEE6BA800F126CD /* Resources */,
			);
			buildRules = (
			);
			dependencies = (
				1FDAE79A2AEE6BA800F126CD /* PBXTargetDependency */,
			);
			name = "Tab BarUITests";
			productName = "Tab BarUITests";
			productReference = 1FDAE7982AEE6BA800F126CD /* Tab BarUITests.xctest */;
			productType = "com.apple.product-type.bundle.ui-testing";
		};
/* End PBXNativeTarget section */

/* Begin PBXProject section */
		1FDAE7702AEE6BA600F126CD /* Project object */ = {
			isa = PBXProject;
			attributes = {
				BuildIndependentTargetsInParallel = 1;
				LastSwiftUpdateCheck = 1500;
				LastUpgradeCheck = 1500;
				TargetAttributes = {
					1FDAE7772AEE6BA600F126CD = {
						CreatedOnToolsVersion = 15.0.1;
					};
					1FDAE78D2AEE6BA800F126CD = {
						CreatedOnToolsVersion = 15.0.1;
						TestTargetID = 1FDAE7772AEE6BA600F126CD;
					};
					1FDAE7972AEE6BA800F126CD = {
						CreatedOnToolsVersion = 15.0.1;
						TestTargetID = 1FDAE7772AEE6BA600F126CD;
					};
				};
			};
			buildConfigurationList = 1FDAE7732AEE6BA600F126CD /* Build configuration list for PBXProject "Tab Bar" */;
			compatibilityVersion = "Xcode 14.0";
			developmentRegion = en;
			hasScannedForEncodings = 0;
			knownRegions = (
				en,
				Base,
			);
			mainGroup = 1FDAE76F2AEE6BA600F126CD;
			productRefGroup = 1FDAE7792AEE6BA600F126CD /* Products */;
			projectDirPath = "";
			projectRoot = "";
			targets = (
				1FDAE7772AEE6BA600F126CD /* Tab Bar */,
				1FDAE78D2AEE6BA800F126CD /* Tab BarTests */,
				1FDAE7972AEE6BA800F126CD /* Tab BarUITests */,
			);
		};
/* End PBXProject section */

/* Begin PBXResourcesBuildPhase section */
		1FDAE7762AEE6BA600F126CD /* Resources */ = {
			isa = PBXResourcesBuildPhase;
			buildActionMask = 2147483647;
			files = (
				1FDAE7882AEE6BA800F126CD /* LaunchScreen.storyboard in Resources */,
				1FDAE7852AEE6BA800F126CD /* Assets.xcassets in Resources */,
				1FDAE7832AEE6BA600F126CD /* Main.storyboard in Resources */,
			);
			runOnlyForDeploymentPostprocessing = 0;
		};
		1FDAE78C2AEE6BA800F126CD /* Resources */ = {
			isa = PBXResourcesBuildPhase;
			buildActionMask = 2147483647;
			files = (
			);
			runOnlyForDeploymentPostprocessing = 0;
		};
		1FDAE7962AEE6BA800F126CD /* Resources */ = {
			isa = PBXResourcesBuildPhase;
			buildActionMask = 2147483647;
			files = (
			);
			runOnlyForDeploymentPostprocessing = 0;
		};
/* End PBXResourcesBuildPhase section */

/* Begin PBXSourcesBuildPhase section */
		1FDAE7742AEE6BA600F126CD /* Sources */ = {
			isa = PBXSourcesBuildPhase;
			buildActionMask = 2147483647;
			files = (
				1FF5D29E2AF164A4007E68EA /* NotesItem.swift in Sources */,
				1FDAE7802AEE6BA600F126CD /* ViewController.swift in Sources */,
				1FDAE77C2AEE6BA600F126CD /* AppDelegate.swift in Sources */,
				1FDAE77E2AEE6BA600F126CD /* SceneDelegate.swift in Sources */,
				1FDAE7AC2AEE8FFD00F126CD /* TableViewController.swift in Sources */,
			);
			runOnlyForDeploymentPostprocessing = 0;
		};
		1FDAE78A2AEE6BA800F126CD /* Sources */ = {
			isa = PBXSourcesBuildPhase;
			buildActionMask = 2147483647;
			files = (
				1FDAE7932AEE6BA800F126CD /* Tab_BarTests.swift in Sources */,
			);
			runOnlyForDeploymentPostprocessing = 0;
		};
		1FDAE7942AEE6BA800F126CD /* Sources */ = {
			isa = PBXSourcesBuildPhase;
			buildActionMask = 2147483647;
			files = (
				1FDAE79F2AEE6BA800F126CD /* Tab_BarUITestsLaunchTests.swift in Sources */,
				1FDAE79D2AEE6BA800F126CD /* Tab_BarUITests.swift in Sources */,
			);
			runOnlyForDeploymentPostprocessing = 0;
		};
/* End PBXSourcesBuildPhase section */

/* Begin PBXTargetDependency section */
		1FDAE7902AEE6BA800F126CD /* PBXTargetDependency */ = {
			isa = PBXTargetDependency;
			target = 1FDAE7772AEE6BA600F126CD /* Tab Bar */;
			targetProxy = 1FDAE78F2AEE6BA800F126CD /* PBXContainerItemProxy */;
		};
		1FDAE79A2AEE6BA800F126CD /* PBXTargetDependency */ = {
			isa = PBXTargetDependency;
			target = 1FDAE7772AEE6BA600F126CD /* Tab Bar */;
			targetProxy = 1FDAE7992AEE6BA800F126CD /* PBXContainerItemProxy */;
		};
/* End PBXTargetDependency section */

/* Begin PBXVariantGroup section */
		1FDAE7812AEE6BA600F126CD /* Main.storyboard */ = {
			isa = PBXVariantGroup;
			children = (
				1FDAE7822AEE6BA600F126CD /* Base */,
			);
			name = Main.storyboard;
			sourceTree = "<group>";
		};
		1FDAE7862AEE6BA800F126CD /* LaunchScreen.storyboard */ = {
			isa = PBXVariantGroup;
			children = (
				1FDAE7872AEE6BA800F126CD /* Base */,
			);
			name = LaunchScreen.storyboard;
			sourceTree = "<group>";
		};
/* End PBXVariantGroup section */

/* Begin XCBuildConfiguration section */
		1FDAE7A02AEE6BA800F126CD /* Debug */ = {
			isa = XCBuildConfiguration;
			buildSettings = {
				ALWAYS_SEARCH_USER_PATHS = NO;
				ASSETCATALOG_COMPILER_GENERATE_SWIFT_ASSET_SYMBOL_EXTENSIONS = YES;
				CLANG_ANALYZER_NONNULL = YES;
				CLANG_ANALYZER_NUMBER_OBJECT_CONVERSION = YES_AGGRESSIVE;
				CLANG_CXX_LANGUAGE_STANDARD = "gnu++20";
				CLANG_ENABLE_MODULES = YES;
				CLANG_ENABLE_OBJC_ARC = YES;
				CLANG_ENABLE_OBJC_WEAK = YES;
				CLANG_WARN_BLOCK_CAPTURE_AUTORELEASING = YES;
				CLANG_WARN_BOOL_CONVERSION = YES;
				CLANG_WARN_COMMA = YES;
				CLANG_WARN_CONSTANT_CONVERSION = YES;
				CLANG_WARN_DEPRECATED_OBJC_IMPLEMENTATIONS = YES;
				CLANG_WARN_DIRECT_OBJC_ISA_USAGE = YES_ERROR;
				CLANG_WARN_DOCUMENTATION_COMMENTS = YES;
				CLANG_WARN_EMPTY_BODY = YES;
				CLANG_WARN_ENUM_CONVERSION = YES;
				CLANG_WARN_INFINITE_RECURSION = YES;
				CLANG_WARN_INT_CONVERSION = YES;
				CLANG_WARN_NON_LITERAL_NULL_CONVERSION = YES;
				CLANG_WARN_OBJC_IMPLICIT_RETAIN_SELF = YES;
				CLANG_WARN_OBJC_LITERAL_CONVERSION = YES;
				CLANG_WARN_OBJC_ROOT_CLASS = YES_ERROR;
				CLANG_WARN_QUOTED_INCLUDE_IN_FRAMEWORK_HEADER = YES;
				CLANG_WARN_RANGE_LOOP_ANALYSIS = YES;
				CLANG_WARN_STRICT_PROTOTYPES = YES;
				CLANG_WARN_SUSPICIOUS_MOVE = YES;
				CLANG_WARN_UNGUARDED_AVAILABILITY = YES_AGGRESSIVE;
				CLANG_WARN_UNREACHABLE_CODE = YES;
				CLANG_WARN__DUPLICATE_METHOD_MATCH = YES;
				COPY_PHASE_STRIP = NO;
				DEBUG_INFORMATION_FORMAT = dwarf;
				ENABLE_STRICT_OBJC_MSGSEND = YES;
				ENABLE_TESTABILITY = YES;
				ENABLE_USER_SCRIPT_SANDBOXING = YES;
				GCC_C_LANGUAGE_STANDARD = gnu17;
				GCC_DYNAMIC_NO_PIC = NO;
				GCC_NO_COMMON_BLOCKS = YES;
				GCC_OPTIMIZATION_LEVEL = 0;
				GCC_PREPROCESSOR_DEFINITIONS = (
					"DEBUG=1",
					"$(inherited)",
				);
				GCC_WARN_64_TO_32_BIT_CONVERSION = YES;
				GCC_WARN_ABOUT_RETURN_TYPE = YES_ERROR;
				GCC_WARN_UNDECLARED_SELECTOR = YES;
				GCC_WARN_UNINITIALIZED_AUTOS = YES_AGGRESSIVE;
				GCC_WARN_UNUSED_FUNCTION = YES;
				GCC_WARN_UNUSED_VARIABLE = YES;
				IPHONEOS_DEPLOYMENT_TARGET = 17.0;
				LOCALIZATION_PREFERS_STRING_CATALOGS = YES;
				MTL_ENABLE_DEBUG_INFO = INCLUDE_SOURCE;
				MTL_FAST_MATH = YES;
				ONLY_ACTIVE_ARCH = YES;
				SDKROOT = iphoneos;
				SWIFT_ACTIVE_COMPILATION_CONDITIONS = "DEBUG $(inherited)";
				SWIFT_OPTIMIZATION_LEVEL = "-Onone";
			};
			name = Debug;
		};
		1FDAE7A12AEE6BA800F126CD /* Release */ = {
			isa = XCBuildConfiguration;
			buildSettings = {
				ALWAYS_SEARCH_USER_PATHS = NO;
				ASSETCATALOG_COMPILER_GENERATE_SWIFT_ASSET_SYMBOL_EXTENSIONS = YES;
				CLANG_ANALYZER_NONNULL = YES;
				CLANG_ANALYZER_NUMBER_OBJECT_CONVERSION = YES_AGGRESSIVE;
				CLANG_CXX_LANGUAGE_STANDARD = "gnu++20";
				CLANG_ENABLE_MODULES = YES;
				CLANG_ENABLE_OBJC_ARC = YES;
				CLANG_ENABLE_OBJC_WEAK = YES;
				CLANG_WARN_BLOCK_CAPTURE_AUTORELEASING = YES;
				CLANG_WARN_BOOL_CONVERSION = YES;
				CLANG_WARN_COMMA = YES;
				CLANG_WARN_CONSTANT_CONVERSION = YES;
				CLANG_WARN_DEPRECATED_OBJC_IMPLEMENTATIONS = YES;
				CLANG_WARN_DIRECT_OBJC_ISA_USAGE = YES_ERROR;
				CLANG_WARN_DOCUMENTATION_COMMENTS = YES;
				CLANG_WARN_EMPTY_BODY = YES;
				CLANG_WARN_ENUM_CONVERSION = YES;
				CLANG_WARN_INFINITE_RECURSION = YES;
				CLANG_WARN_INT_CONVERSION = YES;
				CLANG_WARN_NON_LITERAL_NULL_CONVERSION = YES;
				CLANG_WARN_OBJC_IMPLICIT_RETAIN_SELF = YES;
				CLANG_WARN_OBJC_LITERAL_CONVERSION = YES;
				CLANG_WARN_OBJC_ROOT_CLASS = YES_ERROR;
				CLANG_WARN_QUOTED_INCLUDE_IN_FRAMEWORK_HEADER = YES;
				CLANG_WARN_RANGE_LOOP_ANALYSIS = YES;
				CLANG_WARN_STRICT_PROTOTYPES = YES;
				CLANG_WARN_SUSPICIOUS_MOVE = YES;
				CLANG_WARN_UNGUARDED_AVAILABILITY = YES_AGGRESSIVE;
				CLANG_WARN_UNREACHABLE_CODE = YES;
				CLANG_WARN__DUPLICATE_METHOD_MATCH = YES;
				COPY_PHASE_STRIP = NO;
				DEBUG_INFORMATION_FORMAT = "dwarf-with-dsym";
				ENABLE_NS_ASSERTIONS = NO;
				ENABLE_STRICT_OBJC_MSGSEND = YES;
				ENABLE_USER_SCRIPT_SANDBOXING = YES;
				GCC_C_LANGUAGE_STANDARD = gnu17;
				GCC_NO_COMMON_BLOCKS = YES;
				GCC_WARN_64_TO_32_BIT_CONVERSION = YES;
				GCC_WARN_ABOUT_RETURN_TYPE = YES_ERROR;
				GCC_WARN_UNDECLARED_SELECTOR = YES;
				GCC_WARN_UNINITIALIZED_AUTOS = YES_AGGRESSIVE;
				GCC_WARN_UNUSED_FUNCTION = YES;
				GCC_WARN_UNUSED_VARIABLE = YES;
				IPHONEOS_DEPLOYMENT_TARGET = 17.0;
				LOCALIZATION_PREFERS_STRING_CATALOGS = YES;
				MTL_ENABLE_DEBUG_INFO = NO;
				MTL_FAST_MATH = YES;
				SDKROOT = iphoneos;
				SWIFT_COMPILATION_MODE = wholemodule;
				VALIDATE_PRODUCT = YES;
			};
			name = Release;
		};
		1FDAE7A32AEE6BA800F126CD /* Debug */ = {
			isa = XCBuildConfiguration;
			buildSettings = {
				ASSETCATALOG_COMPILER_APPICON_NAME = AppIcon;
				ASSETCATALOG_COMPILER_GLOBAL_ACCENT_COLOR_NAME = AccentColor;
				CODE_SIGN_STYLE = Automatic;
				CURRENT_PROJECT_VERSION = 1;
				GENERATE_INFOPLIST_FILE = YES;
				INFOPLIST_FILE = "Tab Bar/Info.plist";
				INFOPLIST_KEY_UIApplicationSupportsIndirectInputEvents = YES;
				INFOPLIST_KEY_UILaunchStoryboardName = LaunchScreen;
				INFOPLIST_KEY_UIMainStoryboardFile = Main;
				INFOPLIST_KEY_UISupportedInterfaceOrientations_iPad = "UIInterfaceOrientationPortrait UIInterfaceOrientationPortraitUpsideDown UIInterfaceOrientationLandscapeLeft UIInterfaceOrientationLandscapeRight";
				INFOPLIST_KEY_UISupportedInterfaceOrientations_iPhone = "UIInterfaceOrientationPortrait UIInterfaceOrientationLandscapeLeft UIInterfaceOrientationLandscapeRight";
				IPHONEOS_DEPLOYMENT_TARGET = 16.5;
				LD_RUNPATH_SEARCH_PATHS = (
					"$(inherited)",
					"@executable_path/Frameworks",
				);
				MARKETING_VERSION = 1.0;
				PRODUCT_BUNDLE_IDENTIFIER = "Tab-Bar.Tab-Bar";
				PRODUCT_NAME = "$(TARGET_NAME)";
				SWIFT_EMIT_LOC_STRINGS = YES;
				SWIFT_VERSION = 5.0;
				TARGETED_DEVICE_FAMILY = "1,2";
			};
			name = Debug;
		};
		1FDAE7A42AEE6BA800F126CD /* Release */ = {
			isa = XCBuildConfiguration;
			buildSettings = {
				ASSETCATALOG_COMPILER_APPICON_NAME = AppIcon;
				ASSETCATALOG_COMPILER_GLOBAL_ACCENT_COLOR_NAME = AccentColor;
				CODE_SIGN_STYLE = Automatic;
				CURRENT_PROJECT_VERSION = 1;
				GENERATE_INFOPLIST_FILE = YES;
				INFOPLIST_FILE = "Tab Bar/Info.plist";
				INFOPLIST_KEY_UIApplicationSupportsIndirectInputEvents = YES;
				INFOPLIST_KEY_UILaunchStoryboardName = LaunchScreen;
				INFOPLIST_KEY_UIMainStoryboardFile = Main;
				INFOPLIST_KEY_UISupportedInterfaceOrientations_iPad = "UIInterfaceOrientationPortrait UIInterfaceOrientationPortraitUpsideDown UIInterfaceOrientationLandscapeLeft UIInterfaceOrientationLandscapeRight";
				INFOPLIST_KEY_UISupportedInterfaceOrientations_iPhone = "UIInterfaceOrientationPortrait UIInterfaceOrientationLandscapeLeft UIInterfaceOrientationLandscapeRight";
				IPHONEOS_DEPLOYMENT_TARGET = 16.5;
				LD_RUNPATH_SEARCH_PATHS = (
					"$(inherited)",
					"@executable_path/Frameworks",
				);
				MARKETING_VERSION = 1.0;
				PRODUCT_BUNDLE_IDENTIFIER = "Tab-Bar.Tab-Bar";
				PRODUCT_NAME = "$(TARGET_NAME)";
				SWIFT_EMIT_LOC_STRINGS = YES;
				SWIFT_VERSION = 5.0;
				TARGETED_DEVICE_FAMILY = "1,2";
			};
			name = Release;
		};
		1FDAE7A62AEE6BA800F126CD /* Debug */ = {
			isa = XCBuildConfiguration;
			buildSettings = {
				ALWAYS_EMBED_SWIFT_STANDARD_LIBRARIES = YES;
				BUNDLE_LOADER = "$(TEST_HOST)";
				CODE_SIGN_STYLE = Automatic;
				CURRENT_PROJECT_VERSION = 1;
				GENERATE_INFOPLIST_FILE = YES;
				IPHONEOS_DEPLOYMENT_TARGET = 16.5;
				MARKETING_VERSION = 1.0;
				PRODUCT_BUNDLE_IDENTIFIER = "Tab-Bar.Tab-BarTests";
				PRODUCT_NAME = "$(TARGET_NAME)";
				SWIFT_EMIT_LOC_STRINGS = NO;
				SWIFT_VERSION = 5.0;
				TARGETED_DEVICE_FAMILY = "1,2";
				TEST_HOST = "$(BUILT_PRODUCTS_DIR)/Tab Bar.app/$(BUNDLE_EXECUTABLE_FOLDER_PATH)/Tab Bar";
			};
			name = Debug;
		};
		1FDAE7A72AEE6BA800F126CD /* Release */ = {
			isa = XCBuildConfiguration;
			buildSettings = {
				ALWAYS_EMBED_SWIFT_STANDARD_LIBRARIES = YES;
				BUNDLE_LOADER = "$(TEST_HOST)";
				CODE_SIGN_STYLE = Automatic;
				CURRENT_PROJECT_VERSION = 1;
				GENERATE_INFOPLIST_FILE = YES;
				IPHONEOS_DEPLOYMENT_TARGET = 16.5;
				MARKETING_VERSION = 1.0;
				PRODUCT_BUNDLE_IDENTIFIER = "Tab-Bar.Tab-BarTests";
				PRODUCT_NAME = "$(TARGET_NAME)";
				SWIFT_EMIT_LOC_STRINGS = NO;
				SWIFT_VERSION = 5.0;
				TARGETED_DEVICE_FAMILY = "1,2";
				TEST_HOST = "$(BUILT_PRODUCTS_DIR)/Tab Bar.app/$(BUNDLE_EXECUTABLE_FOLDER_PATH)/Tab Bar";
			};
			name = Release;
		};
		1FDAE7A92AEE6BA800F126CD /* Debug */ = {
			isa = XCBuildConfiguration;
			buildSettings = {
				ALWAYS_EMBED_SWIFT_STANDARD_LIBRARIES = YES;
				CODE_SIGN_STYLE = Automatic;
				CURRENT_PROJECT_VERSION = 1;
				GENERATE_INFOPLIST_FILE = YES;
				MARKETING_VERSION = 1.0;
				PRODUCT_BUNDLE_IDENTIFIER = "Tab-Bar.Tab-BarUITests";
				PRODUCT_NAME = "$(TARGET_NAME)";
				SWIFT_EMIT_LOC_STRINGS = NO;
				SWIFT_VERSION = 5.0;
				TARGETED_DEVICE_FAMILY = "1,2";
				TEST_TARGET_NAME = "Tab Bar";
			};
			name = Debug;
		};
		1FDAE7AA2AEE6BA800F126CD /* Release */ = {
			isa = XCBuildConfiguration;
			buildSettings = {
				ALWAYS_EMBED_SWIFT_STANDARD_LIBRARIES = YES;
				CODE_SIGN_STYLE = Automatic;
				CURRENT_PROJECT_VERSION = 1;
				GENERATE_INFOPLIST_FILE = YES;
				MARKETING_VERSION = 1.0;
				PRODUCT_BUNDLE_IDENTIFIER = "Tab-Bar.Tab-BarUITests";
				PRODUCT_NAME = "$(TARGET_NAME)";
				SWIFT_EMIT_LOC_STRINGS = NO;
				SWIFT_VERSION = 5.0;
				TARGETED_DEVICE_FAMILY = "1,2";
				TEST_TARGET_NAME = "Tab Bar";
			};
			name = Release;
		};
/* End XCBuildConfiguration section */

/* Begin XCConfigurationList section */
		1FDAE7732AEE6BA600F126CD /* Build configuration list for PBXProject "Tab Bar" */ = {
			isa = XCConfigurationList;
			buildConfigurations = (
				1FDAE7A02AEE6BA800F126CD /* Debug */,
				1FDAE7A12AEE6BA800F126CD /* Release */,
			);
			defaultConfigurationIsVisible = 0;
			defaultConfigurationName = Release;
		};
		1FDAE7A22AEE6BA800F126CD /* Build configuration list for PBXNativeTarget "Tab Bar" */ = {
			isa = XCConfigurationList;
			buildConfigurations = (
				1FDAE7A32AEE6BA800F126CD /* Debug */,
				1FDAE7A42AEE6BA800F126CD /* Release */,
			);
			defaultConfigurationIsVisible = 0;
			defaultConfigurationName = Release;
		};
		1FDAE7A52AEE6BA800F126CD /* Build configuration list for PBXNativeTarget "Tab BarTests" */ = {
			isa = XCConfigurationList;
			buildConfigurations = (
				1FDAE7A62AEE6BA800F126CD /* Debug */,
				1FDAE7A72AEE6BA800F126CD /* Release */,
			);
			defaultConfigurationIsVisible = 0;
			defaultConfigurationName = Release;
		};
		1FDAE7A82AEE6BA800F126CD /* Build configuration list for PBXNativeTarget "Tab BarUITests" */ = {
			isa = XCConfigurationList;
			buildConfigurations = (
				1FDAE7A92AEE6BA800F126CD /* Debug */,
				1FDAE7AA2AEE6BA800F126CD /* Release */,
			);
			defaultConfigurationIsVisible = 0;
			defaultConfigurationName = Release;
		};
/* End XCConfigurationList section */
	};
	rootObject = 1FDAE7702AEE6BA600F126CD /* Project object */;
}
